// !$*UTF8*$!
{
	archiveVersion = 1;
	classes = {
	};
	objectVersion = 46;
	objects = {

/* Begin PBXBuildFile section */
		83FF8EA81BA3E42500435A45 /* AppDelegate.swift in Sources */ = {isa = PBXBuildFile; fileRef = 83FF8EA71BA3E42500435A45 /* AppDelegate.swift */; };
		83FF8EAA1BA3E42500435A45 /* TravelLoactionsMapViewController.swift in Sources */ = {isa = PBXBuildFile; fileRef = 83FF8EA91BA3E42500435A45 /* TravelLoactionsMapViewController.swift */; };
		83FF8EAD1BA3E42500435A45 /* Main.storyboard in Resources */ = {isa = PBXBuildFile; fileRef = 83FF8EAB1BA3E42500435A45 /* Main.storyboard */; };
		83FF8EAF1BA3E42500435A45 /* Images.xcassets in Resources */ = {isa = PBXBuildFile; fileRef = 83FF8EAE1BA3E42500435A45 /* Images.xcassets */; };
		83FF8EB21BA3E42500435A45 /* LaunchScreen.xib in Resources */ = {isa = PBXBuildFile; fileRef = 83FF8EB01BA3E42500435A45 /* LaunchScreen.xib */; };
		83FF8EBE1BA3E42500435A45 /* Virtual_TouristTests.swift in Sources */ = {isa = PBXBuildFile; fileRef = 83FF8EBD1BA3E42500435A45 /* Virtual_TouristTests.swift */; };
		83FF8EC81BA3EBD900435A45 /* MapKit.framework in Frameworks */ = {isa = PBXBuildFile; fileRef = 83FF8EC71BA3EBD900435A45 /* MapKit.framework */; };
		83FF8ECC1BA4991100435A45 /* CoreDataStackManager.swift in Sources */ = {isa = PBXBuildFile; fileRef = 83FF8ECB1BA4991100435A45 /* CoreDataStackManager.swift */; };
		83FF8ECF1BA4996900435A45 /* Model.xcdatamodeld in Sources */ = {isa = PBXBuildFile; fileRef = 83FF8ECD1BA4996900435A45 /* Model.xcdatamodeld */; };
		83FF8ED51BA4B80900435A45 /* Pin.swift in Sources */ = {isa = PBXBuildFile; fileRef = 83FF8ED41BA4B80900435A45 /* Pin.swift */; };
		83FF8ED71BA4BD4D00435A45 /* Photo.swift in Sources */ = {isa = PBXBuildFile; fileRef = 83FF8ED61BA4BD4D00435A45 /* Photo.swift */; };
/* End PBXBuildFile section */

/* Begin PBXContainerItemProxy section */
		83FF8EB81BA3E42500435A45 /* PBXContainerItemProxy */ = {
			isa = PBXContainerItemProxy;
			containerPortal = 83FF8E9A1BA3E42400435A45 /* Project object */;
			proxyType = 1;
			remoteGlobalIDString = 83FF8EA11BA3E42500435A45;
			remoteInfo = "Virtual Tourist";
		};
/* End PBXContainerItemProxy section */

/* Begin PBXFileReference section */
		83FF8EA21BA3E42500435A45 /* Virtual Tourist.app */ = {isa = PBXFileReference; explicitFileType = wrapper.application; includeInIndex = 0; path = "Virtual Tourist.app"; sourceTree = BUILT_PRODUCTS_DIR; };
		83FF8EA61BA3E42500435A45 /* Info.plist */ = {isa = PBXFileReference; lastKnownFileType = text.plist.xml; path = Info.plist; sourceTree = "<group>"; };
		83FF8EA71BA3E42500435A45 /* AppDelegate.swift */ = {isa = PBXFileReference; lastKnownFileType = sourcecode.swift; path = AppDelegate.swift; sourceTree = "<group>"; };
		83FF8EA91BA3E42500435A45 /* TravelLoactionsMapViewController.swift */ = {isa = PBXFileReference; lastKnownFileType = sourcecode.swift; path = TravelLoactionsMapViewController.swift; sourceTree = "<group>"; };
		83FF8EAC1BA3E42500435A45 /* Base */ = {isa = PBXFileReference; lastKnownFileType = file.storyboard; name = Base; path = Base.lproj/Main.storyboard; sourceTree = "<group>"; };
		83FF8EAE1BA3E42500435A45 /* Images.xcassets */ = {isa = PBXFileReference; lastKnownFileType = folder.assetcatalog; path = Images.xcassets; sourceTree = "<group>"; };
		83FF8EB11BA3E42500435A45 /* Base */ = {isa = PBXFileReference; lastKnownFileType = file.xib; name = Base; path = Base.lproj/LaunchScreen.xib; sourceTree = "<group>"; };
		83FF8EB71BA3E42500435A45 /* Virtual TouristTests.xctest */ = {isa = PBXFileReference; explicitFileType = wrapper.cfbundle; includeInIndex = 0; path = "Virtual TouristTests.xctest"; sourceTree = BUILT_PRODUCTS_DIR; };
		83FF8EBC1BA3E42500435A45 /* Info.plist */ = {isa = PBXFileReference; lastKnownFileType = text.plist.xml; path = Info.plist; sourceTree = "<group>"; };
		83FF8EBD1BA3E42500435A45 /* Virtual_TouristTests.swift */ = {isa = PBXFileReference; lastKnownFileType = sourcecode.swift; path = Virtual_TouristTests.swift; sourceTree = "<group>"; };
		83FF8EC71BA3EBD900435A45 /* MapKit.framework */ = {isa = PBXFileReference; lastKnownFileType = wrapper.framework; name = MapKit.framework; path = System/Library/Frameworks/MapKit.framework; sourceTree = SDKROOT; };
		83FF8ECB1BA4991100435A45 /* CoreDataStackManager.swift */ = {isa = PBXFileReference; fileEncoding = 4; lastKnownFileType = sourcecode.swift; path = CoreDataStackManager.swift; sourceTree = "<group>"; };
		83FF8ECE1BA4996900435A45 /* Model.xcdatamodel */ = {isa = PBXFileReference; lastKnownFileType = wrapper.xcdatamodel; path = Model.xcdatamodel; sourceTree = "<group>"; };
		83FF8ED41BA4B80900435A45 /* Pin.swift */ = {isa = PBXFileReference; fileEncoding = 4; lastKnownFileType = sourcecode.swift; path = Pin.swift; sourceTree = "<group>"; };
		83FF8ED61BA4BD4D00435A45 /* Photo.swift */ = {isa = PBXFileReference; fileEncoding = 4; lastKnownFileType = sourcecode.swift; path = Photo.swift; sourceTree = "<group>"; };
/* End PBXFileReference section */

/* Begin PBXFrameworksBuildPhase section */
		83FF8E9F1BA3E42500435A45 /* Frameworks */ = {
			isa = PBXFrameworksBuildPhase;
			buildActionMask = 2147483647;
			files = (
				83FF8EC81BA3EBD900435A45 /* MapKit.framework in Frameworks */,
			);
			runOnlyForDeploymentPostprocessing = 0;
		};
		83FF8EB41BA3E42500435A45 /* Frameworks */ = {
			isa = PBXFrameworksBuildPhase;
			buildActionMask = 2147483647;
			files = (
			);
			runOnlyForDeploymentPostprocessing = 0;
		};
/* End PBXFrameworksBuildPhase section */

/* Begin PBXGroup section */
		83FF8E991BA3E42400435A45 = {
			isa = PBXGroup;
			children = (
				83FF8EC71BA3EBD900435A45 /* MapKit.framework */,
				83FF8EA41BA3E42500435A45 /* Virtual Tourist */,
				83FF8EBA1BA3E42500435A45 /* Virtual TouristTests */,
				83FF8EA31BA3E42500435A45 /* Products */,
			);
			sourceTree = "<group>";
		};
		83FF8EA31BA3E42500435A45 /* Products */ = {
			isa = PBXGroup;
			children = (
				83FF8EA21BA3E42500435A45 /* Virtual Tourist.app */,
				83FF8EB71BA3E42500435A45 /* Virtual TouristTests.xctest */,
			);
			name = Products;
			sourceTree = "<group>";
		};
		83FF8EA41BA3E42500435A45 /* Virtual Tourist */ = {
			isa = PBXGroup;
			children = (
				83FF8ECA1BA498E100435A45 /* Model */,
				83FF8EC91BA3EC1400435A45 /* Controller */,
				83FF8EA71BA3E42500435A45 /* AppDelegate.swift */,
				83FF8EAB1BA3E42500435A45 /* Main.storyboard */,
				83FF8EAE1BA3E42500435A45 /* Images.xcassets */,
				83FF8EB01BA3E42500435A45 /* LaunchScreen.xib */,
				83FF8EA51BA3E42500435A45 /* Supporting Files */,
			);
			path = "Virtual Tourist";
			sourceTree = "<group>";
		};
		83FF8EA51BA3E42500435A45 /* Supporting Files */ = {
			isa = PBXGroup;
			children = (
				83FF8EA61BA3E42500435A45 /* Info.plist */,
			);
			name = "Supporting Files";
			sourceTree = "<group>";
		};
		83FF8EBA1BA3E42500435A45 /* Virtual TouristTests */ = {
			isa = PBXGroup;
			children = (
				83FF8EBD1BA3E42500435A45 /* Virtual_TouristTests.swift */,
				83FF8EBB1BA3E42500435A45 /* Supporting Files */,
			);
			path = "Virtual TouristTests";
			sourceTree = "<group>";
		};
		83FF8EBB1BA3E42500435A45 /* Supporting Files */ = {
			isa = PBXGroup;
			children = (
				83FF8EBC1BA3E42500435A45 /* Info.plist */,
			);
			name = "Supporting Files";
			sourceTree = "<group>";
		};
		83FF8EC91BA3EC1400435A45 /* Controller */ = {
			isa = PBXGroup;
			children = (
				83FF8EA91BA3E42500435A45 /* TravelLoactionsMapViewController.swift */,
			);
			name = Controller;
			sourceTree = "<group>";
		};
		83FF8ECA1BA498E100435A45 /* Model */ = {
			isa = PBXGroup;
			children = (
				83FF8ECB1BA4991100435A45 /* CoreDataStackManager.swift */,
				83FF8ECD1BA4996900435A45 /* Model.xcdatamodeld */,
				83FF8ED41BA4B80900435A45 /* Pin.swift */,
				83FF8ED61BA4BD4D00435A45 /* Photo.swift */,
			);
			name = Model;
			sourceTree = "<group>";
		};
/* End PBXGroup section */

/* Begin PBXNativeTarget section */
		83FF8EA11BA3E42500435A45 /* Virtual Tourist */ = {
			isa = PBXNativeTarget;
			buildConfigurationList = 83FF8EC11BA3E42500435A45 /* Build configuration list for PBXNativeTarget "Virtual Tourist" */;
			buildPhases = (
				83FF8E9E1BA3E42500435A45 /* Sources */,
				83FF8E9F1BA3E42500435A45 /* Frameworks */,
				83FF8EA01BA3E42500435A45 /* Resources */,
			);
			buildRules = (
			);
			dependencies = (
			);
			name = "Virtual Tourist";
			productName = "Virtual Tourist";
			productReference = 83FF8EA21BA3E42500435A45 /* Virtual Tourist.app */;
			productType = "com.apple.product-type.application";
		};
		83FF8EB61BA3E42500435A45 /* Virtual TouristTests */ = {
			isa = PBXNativeTarget;
			buildConfigurationList = 83FF8EC41BA3E42500435A45 /* Build configuration list for PBXNativeTarget "Virtual TouristTests" */;
			buildPhases = (
				83FF8EB31BA3E42500435A45 /* Sources */,
				83FF8EB41BA3E42500435A45 /* Frameworks */,
				83FF8EB51BA3E42500435A45 /* Resources */,
			);
			buildRules = (
			);
			dependencies = (
				83FF8EB91BA3E42500435A45 /* PBXTargetDependency */,
			);
			name = "Virtual TouristTests";
			productName = "Virtual TouristTests";
			productReference = 83FF8EB71BA3E42500435A45 /* Virtual TouristTests.xctest */;
			productType = "com.apple.product-type.bundle.unit-test";
		};
/* End PBXNativeTarget section */

/* Begin PBXProject section */
		83FF8E9A1BA3E42400435A45 /* Project object */ = {
			isa = PBXProject;
			attributes = {
				LastUpgradeCheck = 0630;
				ORGANIZATIONNAME = "Ivan Kodrnja";
				TargetAttributes = {
					83FF8EA11BA3E42500435A45 = {
						CreatedOnToolsVersion = 6.3.1;
						SystemCapabilities = {
							com.apple.Maps.iOS = {
								enabled = 1;
							};
						};
					};
					83FF8EB61BA3E42500435A45 = {
						CreatedOnToolsVersion = 6.3.1;
						TestTargetID = 83FF8EA11BA3E42500435A45;
					};
				};
			};
			buildConfigurationList = 83FF8E9D1BA3E42400435A45 /* Build configuration list for PBXProject "Virtual Tourist" */;
			compatibilityVersion = "Xcode 3.2";
			developmentRegion = English;
			hasScannedForEncodings = 0;
			knownRegions = (
				en,
				Base,
			);
			mainGroup = 83FF8E991BA3E42400435A45;
			productRefGroup = 83FF8EA31BA3E42500435A45 /* Products */;
			projectDirPath = "";
			projectRoot = "";
			targets = (
				83FF8EA11BA3E42500435A45 /* Virtual Tourist */,
				83FF8EB61BA3E42500435A45 /* Virtual TouristTests */,
			);
		};
/* End PBXProject section */

/* Begin PBXResourcesBuildPhase section */
		83FF8EA01BA3E42500435A45 /* Resources */ = {
			isa = PBXResourcesBuildPhase;
			buildActionMask = 2147483647;
			files = (
				83FF8EAD1BA3E42500435A45 /* Main.storyboard in Resources */,
				83FF8EB21BA3E42500435A45 /* LaunchScreen.xib in Resources */,
				83FF8EAF1BA3E42500435A45 /* Images.xcassets in Resources */,
			);
			runOnlyForDeploymentPostprocessing = 0;
		};
		83FF8EB51BA3E42500435A45 /* Resources */ = {
			isa = PBXResourcesBuildPhase;
			buildActionMask = 2147483647;
			files = (
			);
			runOnlyForDeploymentPostprocessing = 0;
		};
/* End PBXResourcesBuildPhase section */

/* Begin PBXSourcesBuildPhase section */
		83FF8E9E1BA3E42500435A45 /* Sources */ = {
			isa = PBXSourcesBuildPhase;
			buildActionMask = 2147483647;
			files = (
				83FF8ED71BA4BD4D00435A45 /* Photo.swift in Sources */,
				83FF8ED51BA4B80900435A45 /* Pin.swift in Sources */,
				83FF8EAA1BA3E42500435A45 /* TravelLoactionsMapViewController.swift in Sources */,
				83FF8EA81BA3E42500435A45 /* AppDelegate.swift in Sources */,
				83FF8ECC1BA4991100435A45 /* CoreDataStackManager.swift in Sources */,
				83FF8ECF1BA4996900435A45 /* Model.xcdatamodeld in Sources */,
			);
			runOnlyForDeploymentPostprocessing = 0;
		};
		83FF8EB31BA3E42500435A45 /* Sources */ = {
			isa = PBXSourcesBuildPhase;
			buildActionMask = 2147483647;
			files = (
				83FF8EBE1BA3E42500435A45 /* Virtual_TouristTests.swift in Sources */,
			);
			runOnlyForDeploymentPostprocessing = 0;
		};
/* End PBXSourcesBuildPhase section */

/* Begin PBXTargetDependency section */
		83FF8EB91BA3E42500435A45 /* PBXTargetDependency */ = {
			isa = PBXTargetDependency;
			target = 83FF8EA11BA3E42500435A45 /* Virtual Tourist */;
			targetProxy = 83FF8EB81BA3E42500435A45 /* PBXContainerItemProxy */;
		};
/* End PBXTargetDependency section */

/* Begin PBXVariantGroup section */
		83FF8EAB1BA3E42500435A45 /* Main.storyboard */ = {
			isa = PBXVariantGroup;
			children = (
				83FF8EAC1BA3E42500435A45 /* Base */,
			);
			name = Main.storyboard;
			sourceTree = "<group>";
		};
		83FF8EB01BA3E42500435A45 /* LaunchScreen.xib */ = {
			isa = PBXVariantGroup;
			children = (
				83FF8EB11BA3E42500435A45 /* Base */,
			);
			name = LaunchScreen.xib;
			sourceTree = "<group>";
		};
/* End PBXVariantGroup section */

/* Begin XCBuildConfiguration section */
		83FF8EBF1BA3E42500435A45 /* Debug */ = {
			isa = XCBuildConfiguration;
			buildSettings = {
				ALWAYS_SEARCH_USER_PATHS = NO;
				CLANG_CXX_LANGUAGE_STANDARD = "gnu++0x";
				CLANG_CXX_LIBRARY = "libc++";
				CLANG_ENABLE_MODULES = YES;
				CLANG_ENABLE_OBJC_ARC = YES;
				CLANG_WARN_BOOL_CONVERSION = YES;
				CLANG_WARN_CONSTANT_CONVERSION = YES;
				CLANG_WARN_DIRECT_OBJC_ISA_USAGE = YES_ERROR;
				CLANG_WARN_EMPTY_BODY = YES;
				CLANG_WARN_ENUM_CONVERSION = YES;
				CLANG_WARN_INT_CONVERSION = YES;
				CLANG_WARN_OBJC_ROOT_CLASS = YES_ERROR;
				CLANG_WARN_UNREACHABLE_CODE = YES;
				CLANG_WARN__DUPLICATE_METHOD_MATCH = YES;
				"CODE_SIGN_IDENTITY[sdk=iphoneos*]" = "iPhone Developer";
				COPY_PHASE_STRIP = NO;
				DEBUG_INFORMATION_FORMAT = "dwarf-with-dsym";
				ENABLE_STRICT_OBJC_MSGSEND = YES;
				GCC_C_LANGUAGE_STANDARD = gnu99;
				GCC_DYNAMIC_NO_PIC = NO;
				GCC_NO_COMMON_BLOCKS = YES;
				GCC_OPTIMIZATION_LEVEL = 0;
				GCC_PREPROCESSOR_DEFINITIONS = (
					"DEBUG=1",
					"$(inherited)",
				);
				GCC_SYMBOLS_PRIVATE_EXTERN = NO;
				GCC_WARN_64_TO_32_BIT_CONVERSION = YES;
				GCC_WARN_ABOUT_RETURN_TYPE = YES_ERROR;
				GCC_WARN_UNDECLARED_SELECTOR = YES;
				GCC_WARN_UNINITIALIZED_AUTOS = YES_AGGRESSIVE;
				GCC_WARN_UNUSED_FUNCTION = YES;
				GCC_WARN_UNUSED_VARIABLE = YES;
				IPHONEOS_DEPLOYMENT_TARGET = 8.3;
				MTL_ENABLE_DEBUG_INFO = YES;
				ONLY_ACTIVE_ARCH = YES;
				SDKROOT = iphoneos;
				SWIFT_OPTIMIZATION_LEVEL = "-Onone";
			};
			name = Debug;
		};
		83FF8EC01BA3E42500435A45 /* Release */ = {
			isa = XCBuildConfiguration;
			buildSettings = {
				ALWAYS_SEARCH_USER_PATHS = NO;
				CLANG_CXX_LANGUAGE_STANDARD = "gnu++0x";
				CLANG_CXX_LIBRARY = "libc++";
				CLANG_ENABLE_MODULES = YES;
				CLANG_ENABLE_OBJC_ARC = YES;
				CLANG_WARN_BOOL_CONVERSION = YES;
				CLANG_WARN_CONSTANT_CONVERSION = YES;
				CLANG_WARN_DIRECT_OBJC_ISA_USAGE = YES_ERROR;
				CLANG_WARN_EMPTY_BODY = YES;
				CLANG_WARN_ENUM_CONVERSION = YES;
				CLANG_WARN_INT_CONVERSION = YES;
				CLANG_WARN_OBJC_ROOT_CLASS = YES_ERROR;
				CLANG_WARN_UNREACHABLE_CODE = YES;
				CLANG_WARN__DUPLICATE_METHOD_MATCH = YES;
				"CODE_SIGN_IDENTITY[sdk=iphoneos*]" = "iPhone Developer";
				COPY_PHASE_STRIP = NO;
				DEBUG_INFORMATION_FORMAT = "dwarf-with-dsym";
				ENABLE_NS_ASSERTIONS = NO;
				ENABLE_STRICT_OBJC_MSGSEND = YES;
				GCC_C_LANGUAGE_STANDARD = gnu99;
				GCC_NO_COMMON_BLOCKS = YES;
				GCC_WARN_64_TO_32_BIT_CONVERSION = YES;
				GCC_WARN_ABOUT_RETURN_TYPE = YES_ERROR;
				GCC_WARN_UNDECLARED_SELECTOR = YES;
				GCC_WARN_UNINITIALIZED_AUTOS = YES_AGGRESSIVE;
				GCC_WARN_UNUSED_FUNCTION = YES;
				GCC_WARN_UNUSED_VARIABLE = YES;
				IPHONEOS_DEPLOYMENT_TARGET = 8.3;
				MTL_ENABLE_DEBUG_INFO = NO;
				SDKROOT = iphoneos;
				VALIDATE_PRODUCT = YES;
			};
			name = Release;
		};
		83FF8EC21BA3E42500435A45 /* Debug */ = {
			isa = XCBuildConfiguration;
			buildSettings = {
				ASSETCATALOG_COMPILER_APPICON_NAME = AppIcon;
				CLANG_ENABLE_MODULES = YES;
				INFOPLIST_FILE = "Virtual Tourist/Info.plist";
				LD_RUNPATH_SEARCH_PATHS = "$(inherited) @executable_path/Frameworks";
				PRODUCT_NAME = "$(TARGET_NAME)";
				SWIFT_OBJC_BRIDGING_HEADER = "";
				SWIFT_OPTIMIZATION_LEVEL = "-Onone";
			};
			name = Debug;
		};
		83FF8EC31BA3E42500435A45 /* Release */ = {
			isa = XCBuildConfiguration;
			buildSettings = {
				ASSETCATALOG_COMPILER_APPICON_NAME = AppIcon;
				CLANG_ENABLE_MODULES = YES;
				INFOPLIST_FILE = "Virtual Tourist/Info.plist";
				LD_RUNPATH_SEARCH_PATHS = "$(inherited) @executable_path/Frameworks";
				PRODUCT_NAME = "$(TARGET_NAME)";
				SWIFT_OBJC_BRIDGING_HEADER = "";
			};
			name = Release;
		};
		83FF8EC51BA3E42500435A45 /* Debug */ = {
			isa = XCBuildConfiguration;
			buildSettings = {
				BUNDLE_LOADER = "$(TEST_HOST)";
				FRAMEWORK_SEARCH_PATHS = (
					"$(SDKROOT)/Developer/Library/Frameworks",
					"$(inherited)",
				);
				GCC_PREPROCESSOR_DEFINITIONS = (
					"DEBUG=1",
					"$(inherited)",
				);
				INFOPLIST_FILE = "Virtual TouristTests/Info.plist";
				LD_RUNPATH_SEARCH_PATHS = "$(inherited) @executable_path/Frameworks @loader_path/Frameworks";
				PRODUCT_NAME = "$(TARGET_NAME)";
				TEST_HOST = "$(BUILT_PRODUCTS_DIR)/Virtual Tourist.app/Virtual Tourist";
			};
			name = Debug;
		};
		83FF8EC61BA3E42500435A45 /* Release */ = {
			isa = XCBuildConfiguration;
			buildSettings = {
				BUNDLE_LOADER = "$(TEST_HOST)";
				FRAMEWORK_SEARCH_PATHS = (
					"$(SDKROOT)/Developer/Library/Frameworks",
					"$(inherited)",
				);
				INFOPLIST_FILE = "Virtual TouristTests/Info.plist";
				LD_RUNPATH_SEARCH_PATHS = "$(inherited) @executable_path/Frameworks @loader_path/Frameworks";
				PRODUCT_NAME = "$(TARGET_NAME)";
				TEST_HOST = "$(BUILT_PRODUCTS_DIR)/Virtual Tourist.app/Virtual Tourist";
			};
			name = Release;
		};
/* End XCBuildConfiguration section */

/* Begin XCConfigurationList section */
		83FF8E9D1BA3E42400435A45 /* Build configuration list for PBXProject "Virtual Tourist" */ = {
			isa = XCConfigurationList;
			buildConfigurations = (
				83FF8EBF1BA3E42500435A45 /* Debug */,
				83FF8EC01BA3E42500435A45 /* Release */,
			);
			defaultConfigurationIsVisible = 0;
			defaultConfigurationName = Release;
		};
		83FF8EC11BA3E42500435A45 /* Build configuration list for PBXNativeTarget "Virtual Tourist" */ = {
			isa = XCConfigurationList;
			buildConfigurations = (
				83FF8EC21BA3E42500435A45 /* Debug */,
				83FF8EC31BA3E42500435A45 /* Release */,
			);
			defaultConfigurationIsVisible = 0;
			defaultConfigurationName = Release;
		};
		83FF8EC41BA3E42500435A45 /* Build configuration list for PBXNativeTarget "Virtual TouristTests" */ = {
			isa = XCConfigurationList;
			buildConfigurations = (
				83FF8EC51BA3E42500435A45 /* Debug */,
				83FF8EC61BA3E42500435A45 /* Release */,
			);
			defaultConfigurationIsVisible = 0;
			defaultConfigurationName = Release;
		};
/* End XCConfigurationList section */

/* Begin XCVersionGroup section */
		83FF8ECD1BA4996900435A45 /* Model.xcdatamodeld */ = {
			isa = XCVersionGroup;
			children = (
				83FF8ECE1BA4996900435A45 /* Model.xcdatamodel */,
			);
			currentVersion = 83FF8ECE1BA4996900435A45 /* Model.xcdatamodel */;
			path = Model.xcdatamodeld;
			sourceTree = "<group>";
			versionGroupType = wrapper.xcdatamodel;
		};
/* End XCVersionGroup section */
	};
	rootObject = 83FF8E9A1BA3E42400435A45 /* Project object */;
}
